
Microsoft Visual Studio Solution File, Format Version 12.00
# Visual Studio Version 16
VisualStudioVersion = 16.0.32510.428
MinimumVisualStudioVersion = 10.0.40219.1
Project("{9A19103F-16F7-4668-BE54-9A1E7A4F7556}") = "microservice1", "microservice1\microservice1.csproj", "{FE3599BF-68BF-4982-8DC7-D5790597E4EB}"
EndProject
Project("{9A19103F-16F7-4668-BE54-9A1E7A4F7556}") = "microservice2", "microservice2\microservice2.csproj", "{FBDA449C-F903-4CA5-A6AD-1B870197B3D3}"
EndProject
Project("{9A19103F-16F7-4668-BE54-9A1E7A4F7556}") = "ServiceClient1", "ServiceClient1\ServiceClient1.csproj", "{F8EDBAC0-625B-48C8-A3F0-38624739DD3A}"
EndProject
Project("{9A19103F-16F7-4668-BE54-9A1E7A4F7556}") = "ServiceClient2", "ServiceClient2\ServiceClient2.csproj", "{D21EC0BC-1C66-4F4C-8032-C6AB99659427}"
EndProject
Project("{FAE04EC0-301F-11D3-BF4B-00C04F79EFBC}") = "Ocelot_demo", "Ocelot_demo\Ocelot_demo.csproj", "{E40FDA99-B042-4A3D-94C9-C691B547FAEC}"
EndProject
Global
	GlobalSection(SolutionConfigurationPlatforms) = preSolution
		Debug|Any CPU = Debug|Any CPU
		Release|Any CPU = Release|Any CPU
	EndGlobalSection
	GlobalSection(ProjectConfigurationPlatforms) = postSolution
		{FE3599BF-68BF-4982-8DC7-D5790597E4EB}.Debug|Any CPU.ActiveCfg = Debug|Any CPU
		{FE3599BF-68BF-4982-8DC7-D5790597E4EB}.Debug|Any CPU.Build.0 = Debug|Any CPU
		{FE3599BF-68BF-4982-8DC7-D5790597E4EB}.Release|Any CPU.ActiveCfg = Release|Any CPU
		{FE3599BF-68BF-4982-8DC7-D5790597E4EB}.Release|Any CPU.Build.0 = Release|Any CPU
		{FBDA449C-F903-4CA5-A6AD-1B870197B3D3}.Debug|Any CPU.ActiveCfg = Debug|Any CPU
		{FBDA449C-F903-4CA5-A6AD-1B870197B3D3}.Debug|Any CPU.Build.0 = Debug|Any CPU
		{FBDA449C-F903-4CA5-A6AD-1B870197B3D3}.Release|Any CPU.ActiveCfg = Release|Any CPU
		{FBDA449C-F903-4CA5-A6AD-1B870197B3D3}.Release|Any CPU.Build.0 = Release|Any CPU
		{F8EDBAC0-625B-48C8-A3F0-38624739DD3A}.Debug|Any CPU.ActiveCfg = Debug|Any CPU
		{F8EDBAC0-625B-48C8-A3F0-38624739DD3A}.Debug|Any CPU.Build.0 = Debug|Any CPU
		{F8EDBAC0-625B-48C8-A3F0-38624739DD3A}.Release|Any CPU.ActiveCfg = Release|Any CPU
		{F8EDBAC0-625B-48C8-A3F0-38624739DD3A}.Release|Any CPU.Build.0 = Release|Any CPU
		{D21EC0BC-1C66-4F4C-8032-C6AB99659427}.Debug|Any CPU.ActiveCfg = Debug|Any CPU
		{D21EC0BC-1C66-4F4C-8032-C6AB99659427}.Debug|Any CPU.Build.0 = Debug|Any CPU
		{D21EC0BC-1C66-4F4C-8032-C6AB99659427}.Release|Any CPU.ActiveCfg = Release|Any CPU
		{D21EC0BC-1C66-4F4C-8032-C6AB99659427}.Release|Any CPU.Build.0 = Release|Any CPU
		{E40FDA99-B042-4A3D-94C9-C691B547FAEC}.Debug|Any CPU.ActiveCfg = Debug|Any CPU
		{E40FDA99-B042-4A3D-94C9-C691B547FAEC}.Debug|Any CPU.Build.0 = Debug|Any CPU
		{E40FDA99-B042-4A3D-94C9-C691B547FAEC}.Release|Any CPU.ActiveCfg = Release|Any CPU
		{E40FDA99-B042-4A3D-94C9-C691B547FAEC}.Release|Any CPU.Build.0 = Release|Any CPU
	EndGlobalSection
	GlobalSection(SolutionProperties) = preSolution
		HideSolutionNode = FALSE
	EndGlobalSection
	GlobalSection(ExtensibilityGlobals) = postSolution
		SolutionGuid = {1E0F5AB0-B2B5-45C3-A5D0-5B204A90B797}
	EndGlobalSection
EndGlobal
